
Microsoft Visual Studio Solution File, Format Version 12.00
# Visual Studio Version 17
VisualStudioVersion = 17.7.34024.191
MinimumVisualStudioVersion = 10.0.40219.1
Project("{FAE04EC0-301F-11D3-BF4B-00C04F79EFBC}") = "algebra_of_logic", "algebra_of_logic\algebra_of_logic.csproj", "{BD0CF808-C36F-4C93-9931-D5231AAE72F6}"
EndProject
Global
	GlobalSection(SolutionConfigurationPlatforms) = preSolution
		Debug|Any CPU = Debug|Any CPU
		Release|Any CPU = Release|Any CPU
	EndGlobalSection
	GlobalSection(ProjectConfigurationPlatforms) = postSolution
		{BD0CF808-C36F-4C93-9931-D5231AAE72F6}.Debug|Any CPU.ActiveCfg = Debug|Any CPU
		{BD0CF808-C36F-4C93-9931-D5231AAE72F6}.Debug|Any CPU.Build.0 = Debug|Any CPU
		{BD0CF808-C36F-4C93-9931-D5231AAE72F6}.Release|Any CPU.ActiveCfg = Release|Any CPU
		{BD0CF808-C36F-4C93-9931-D5231AAE72F6}.Release|Any CPU.Build.0 = Release|Any CPU
	EndGlobalSection
	GlobalSection(SolutionProperties) = preSolution
		HideSolutionNode = FALSE
	EndGlobalSection
	GlobalSection(ExtensibilityGlobals) = postSolution
		SolutionGuid = {71A8D05B-4EF4-418F-BAA9-5BAEE748E01B}
	EndGlobalSection
EndGlobal
